
Microsoft Visual Studio Solution File, Format Version 12.00
# Visual Studio 15
VisualStudioVersion = 15.0.26228.9
MinimumVisualStudioVersion = 10.0.40219.1
Project("{2150E333-8FDC-42A3-9474-1A3956D46DE8}") = "src", "src", "{8C5132E8-D0B0-46F3-9F6E-5DE2A3FAAC1A}"
EndProject
Project("{2150E333-8FDC-42A3-9474-1A3956D46DE8}") = "Solution Items", "Solution Items", "{F2B62DCC-C72B-4AE6-845A-F8D6F5E657CA}"
EndProject
Project("{2150E333-8FDC-42A3-9474-1A3956D46DE8}") = "Application", "Application", "{517D20BD-8343-495F-9EBF-DD60E81CD8D7}"
EndProject
Project("{2150E333-8FDC-42A3-9474-1A3956D46DE8}") = "test", "test", "{292CC5DF-FAE8-447B-92B3-1E7FB88F895D}"
EndProject
Project("{2150E333-8FDC-42A3-9474-1A3956D46DE8}") = "Presentation", "Presentation", "{D546AA7F-E422-4284-A003-3EDA264F35F7}"
EndProject
Project("{2150E333-8FDC-42A3-9474-1A3956D46DE8}") = "DataAccess", "DataAccess", "{2E0FD7D5-A9DF-4153-8EEA-C221E8369371}"
EndProject
Project("{2150E333-8FDC-42A3-9474-1A3956D46DE8}") = "Domain", "Domain", "{31BE6ADE-3561-4A20-B344-A0D9B97EFA6B}"
EndProject
Project("{2150E333-8FDC-42A3-9474-1A3956D46DE8}") = "Core", "Core", "{A6AB52C4-74D1-43C6-B281-C0643B1B35A1}"
EndProject
Project("{9A19103F-16F7-4668-BE54-9A1E7A4F7556}") = "Angular2.Mvc.Website", "src\Angular2.Mvc.Website\Angular2.Mvc.Website.csproj", "{77F165E9-B7E1-4F10-AE4F-3D2FCA3D5D87}"
EndProject
Project("{9A19103F-16F7-4668-BE54-9A1E7A4F7556}") = "Angular2.Mvc.Webapi", "src\Angular2.Mvc.Webapi\Angular2.Mvc.Webapi.csproj", "{272D17BF-492A-43DA-926A-555A75F89462}"
EndProject
Project("{9A19103F-16F7-4668-BE54-9A1E7A4F7556}") = "Angular2.Mvc.Core", "src\Angular2.Mvc.Core\Angular2.Mvc.Core.csproj", "{B74E89E9-C1A0-49A1-B25E-058FC9835CD9}"
EndProject
Project("{9A19103F-16F7-4668-BE54-9A1E7A4F7556}") = "Angular2.Mvc.DAL", "src\Angular2.Mvc.DAL\Angular2.Mvc.DAL.csproj", "{5B2DDAA4-A0C7-4FFE-B146-7319D7ABB1B4}"
EndProject
Project("{9A19103F-16F7-4668-BE54-9A1E7A4F7556}") = "Angular2.Mvc.Service", "src\Angular2.Mvc.Service\Angular2.Mvc.Service.csproj", "{D942B18C-F870-435E-AD6A-28B72C6239B5}"
EndProject
Project("{9A19103F-16F7-4668-BE54-9A1E7A4F7556}") = "Angular2.Mvc.UnitTest", "test\Angular2.Mvc.UnitTest\Angular2.Mvc.UnitTest.csproj", "{53CCF474-1814-4C25-9349-A6E269882DC2}"
EndProject
Project("{9A19103F-16F7-4668-BE54-9A1E7A4F7556}") = "Angular2.Mvc.MsTest", "test\Angular2.Mvc.MsTest\Angular2.Mvc.MsTest.csproj", "{CAABA102-539F-4DE3-A8C0-1CFD31220551}"
EndProject
Global
	GlobalSection(SolutionConfigurationPlatforms) = preSolution
		Debug|Any CPU = Debug|Any CPU
		Release|Any CPU = Release|Any CPU
	EndGlobalSection
	GlobalSection(ProjectConfigurationPlatforms) = postSolution
		{77F165E9-B7E1-4F10-AE4F-3D2FCA3D5D87}.Debug|Any CPU.ActiveCfg = Debug|Any CPU
		{77F165E9-B7E1-4F10-AE4F-3D2FCA3D5D87}.Debug|Any CPU.Build.0 = Debug|Any CPU
		{77F165E9-B7E1-4F10-AE4F-3D2FCA3D5D87}.Release|Any CPU.ActiveCfg = Release|Any CPU
		{77F165E9-B7E1-4F10-AE4F-3D2FCA3D5D87}.Release|Any CPU.Build.0 = Release|Any CPU
		{272D17BF-492A-43DA-926A-555A75F89462}.Debug|Any CPU.ActiveCfg = Debug|Any CPU
		{272D17BF-492A-43DA-926A-555A75F89462}.Debug|Any CPU.Build.0 = Debug|Any CPU
		{272D17BF-492A-43DA-926A-555A75F89462}.Release|Any CPU.ActiveCfg = Release|Any CPU
		{272D17BF-492A-43DA-926A-555A75F89462}.Release|Any CPU.Build.0 = Release|Any CPU
		{B74E89E9-C1A0-49A1-B25E-058FC9835CD9}.Debug|Any CPU.ActiveCfg = Debug|Any CPU
		{B74E89E9-C1A0-49A1-B25E-058FC9835CD9}.Debug|Any CPU.Build.0 = Debug|Any CPU
		{B74E89E9-C1A0-49A1-B25E-058FC9835CD9}.Release|Any CPU.ActiveCfg = Release|Any CPU
		{B74E89E9-C1A0-49A1-B25E-058FC9835CD9}.Release|Any CPU.Build.0 = Release|Any CPU
		{5B2DDAA4-A0C7-4FFE-B146-7319D7ABB1B4}.Debug|Any CPU.ActiveCfg = Debug|Any CPU
		{5B2DDAA4-A0C7-4FFE-B146-7319D7ABB1B4}.Debug|Any CPU.Build.0 = Debug|Any CPU
		{5B2DDAA4-A0C7-4FFE-B146-7319D7ABB1B4}.Release|Any CPU.ActiveCfg = Release|Any CPU
		{5B2DDAA4-A0C7-4FFE-B146-7319D7ABB1B4}.Release|Any CPU.Build.0 = Release|Any CPU
		{D942B18C-F870-435E-AD6A-28B72C6239B5}.Debug|Any CPU.ActiveCfg = Debug|Any CPU
		{D942B18C-F870-435E-AD6A-28B72C6239B5}.Debug|Any CPU.Build.0 = Debug|Any CPU
		{D942B18C-F870-435E-AD6A-28B72C6239B5}.Release|Any CPU.ActiveCfg = Release|Any CPU
		{D942B18C-F870-435E-AD6A-28B72C6239B5}.Release|Any CPU.Build.0 = Release|Any CPU
		{53CCF474-1814-4C25-9349-A6E269882DC2}.Debug|Any CPU.ActiveCfg = Debug|Any CPU
		{53CCF474-1814-4C25-9349-A6E269882DC2}.Debug|Any CPU.Build.0 = Debug|Any CPU
		{53CCF474-1814-4C25-9349-A6E269882DC2}.Release|Any CPU.ActiveCfg = Release|Any CPU
		{53CCF474-1814-4C25-9349-A6E269882DC2}.Release|Any CPU.Build.0 = Release|Any CPU
		{CAABA102-539F-4DE3-A8C0-1CFD31220551}.Debug|Any CPU.ActiveCfg = Debug|Any CPU
		{CAABA102-539F-4DE3-A8C0-1CFD31220551}.Debug|Any CPU.Build.0 = Debug|Any CPU
		{CAABA102-539F-4DE3-A8C0-1CFD31220551}.Release|Any CPU.ActiveCfg = Release|Any CPU
		{CAABA102-539F-4DE3-A8C0-1CFD31220551}.Release|Any CPU.Build.0 = Release|Any CPU
	EndGlobalSection
	GlobalSection(SolutionProperties) = preSolution
		HideSolutionNode = FALSE
	EndGlobalSection
	GlobalSection(NestedProjects) = preSolution
		{517D20BD-8343-495F-9EBF-DD60E81CD8D7} = {8C5132E8-D0B0-46F3-9F6E-5DE2A3FAAC1A}
		{D546AA7F-E422-4284-A003-3EDA264F35F7} = {8C5132E8-D0B0-46F3-9F6E-5DE2A3FAAC1A}
		{2E0FD7D5-A9DF-4153-8EEA-C221E8369371} = {8C5132E8-D0B0-46F3-9F6E-5DE2A3FAAC1A}
		{31BE6ADE-3561-4A20-B344-A0D9B97EFA6B} = {8C5132E8-D0B0-46F3-9F6E-5DE2A3FAAC1A}
		{A6AB52C4-74D1-43C6-B281-C0643B1B35A1} = {8C5132E8-D0B0-46F3-9F6E-5DE2A3FAAC1A}
		{77F165E9-B7E1-4F10-AE4F-3D2FCA3D5D87} = {D546AA7F-E422-4284-A003-3EDA264F35F7}
		{272D17BF-492A-43DA-926A-555A75F89462} = {D546AA7F-E422-4284-A003-3EDA264F35F7}
		{B74E89E9-C1A0-49A1-B25E-058FC9835CD9} = {A6AB52C4-74D1-43C6-B281-C0643B1B35A1}
		{5B2DDAA4-A0C7-4FFE-B146-7319D7ABB1B4} = {2E0FD7D5-A9DF-4153-8EEA-C221E8369371}
		{D942B18C-F870-435E-AD6A-28B72C6239B5} = {517D20BD-8343-495F-9EBF-DD60E81CD8D7}
		{53CCF474-1814-4C25-9349-A6E269882DC2} = {292CC5DF-FAE8-447B-92B3-1E7FB88F895D}
		{CAABA102-539F-4DE3-A8C0-1CFD31220551} = {292CC5DF-FAE8-447B-92B3-1E7FB88F895D}
	EndGlobalSection
EndGlobal
