
Microsoft Visual Studio Solution File, Format Version 12.00
# Visual Studio 14
VisualStudioVersion = 14.0.25420.1
MinimumVisualStudioVersion = 10.0.40219.1
Project("{2150E333-8FDC-42A3-9474-1A3956D46DE8}") = "src", "src", "{8C5132E8-D0B0-46F3-9F6E-5DE2A3FAAC1A}"
EndProject
Project("{2150E333-8FDC-42A3-9474-1A3956D46DE8}") = "Solution Items", "Solution Items", "{F2B62DCC-C72B-4AE6-845A-F8D6F5E657CA}"
	ProjectSection(SolutionItems) = preProject
		global.json = global.json
	EndProjectSection
EndProject
Project("{8BB2217D-0F2D-49D1-97BC-3654ED321F3B}") = "Angular2.Mvc.Website", "src\Angular2.Mvc.Website\Angular2.Mvc.Website.xproj", "{77F165E9-B7E1-4F10-AE4F-3D2FCA3D5D87}"
EndProject
Project("{8BB2217D-0F2D-49D1-97BC-3654ED321F3B}") = "Angular2.Mvc.Webapi", "src\Angular2.Mvc.Webapi\Angular2.Mvc.Webapi.xproj", "{272D17BF-492A-43DA-926A-555A75F89462}"
EndProject
Project("{8BB2217D-0F2D-49D1-97BC-3654ED321F3B}") = "Angular2.Mvc.Core", "src\Angular2.Mvc.Core\Angular2.Mvc.Core.xproj", "{B74E89E9-C1A0-49A1-B25E-058FC9835CD9}"
EndProject
Project("{8BB2217D-0F2D-49D1-97BC-3654ED321F3B}") = "Angular2.Mvc.DAL", "Angular2.Mvc.DAL\Angular2.Mvc.DAL.xproj", "{2C62E78D-39DA-40AD-AC12-E75033206F0B}"
EndProject
Global
	GlobalSection(SolutionConfigurationPlatforms) = preSolution
		Debug|Any CPU = Debug|Any CPU
		Release|Any CPU = Release|Any CPU
	EndGlobalSection
	GlobalSection(ProjectConfigurationPlatforms) = postSolution
		{77F165E9-B7E1-4F10-AE4F-3D2FCA3D5D87}.Debug|Any CPU.ActiveCfg = Debug|Any CPU
		{77F165E9-B7E1-4F10-AE4F-3D2FCA3D5D87}.Debug|Any CPU.Build.0 = Debug|Any CPU
		{77F165E9-B7E1-4F10-AE4F-3D2FCA3D5D87}.Release|Any CPU.ActiveCfg = Release|Any CPU
		{77F165E9-B7E1-4F10-AE4F-3D2FCA3D5D87}.Release|Any CPU.Build.0 = Release|Any CPU
		{272D17BF-492A-43DA-926A-555A75F89462}.Debug|Any CPU.ActiveCfg = Debug|Any CPU
		{272D17BF-492A-43DA-926A-555A75F89462}.Debug|Any CPU.Build.0 = Debug|Any CPU
		{272D17BF-492A-43DA-926A-555A75F89462}.Release|Any CPU.ActiveCfg = Release|Any CPU
		{272D17BF-492A-43DA-926A-555A75F89462}.Release|Any CPU.Build.0 = Release|Any CPU
		{B74E89E9-C1A0-49A1-B25E-058FC9835CD9}.Debug|Any CPU.ActiveCfg = Debug|Any CPU
		{B74E89E9-C1A0-49A1-B25E-058FC9835CD9}.Debug|Any CPU.Build.0 = Debug|Any CPU
		{B74E89E9-C1A0-49A1-B25E-058FC9835CD9}.Release|Any CPU.ActiveCfg = Release|Any CPU
		{B74E89E9-C1A0-49A1-B25E-058FC9835CD9}.Release|Any CPU.Build.0 = Release|Any CPU
		{2C62E78D-39DA-40AD-AC12-E75033206F0B}.Debug|Any CPU.ActiveCfg = Debug|Any CPU
		{2C62E78D-39DA-40AD-AC12-E75033206F0B}.Debug|Any CPU.Build.0 = Debug|Any CPU
		{2C62E78D-39DA-40AD-AC12-E75033206F0B}.Release|Any CPU.ActiveCfg = Release|Any CPU
		{2C62E78D-39DA-40AD-AC12-E75033206F0B}.Release|Any CPU.Build.0 = Release|Any CPU
	EndGlobalSection
	GlobalSection(SolutionProperties) = preSolution
		HideSolutionNode = FALSE
	EndGlobalSection
	GlobalSection(NestedProjects) = preSolution
		{77F165E9-B7E1-4F10-AE4F-3D2FCA3D5D87} = {8C5132E8-D0B0-46F3-9F6E-5DE2A3FAAC1A}
		{272D17BF-492A-43DA-926A-555A75F89462} = {8C5132E8-D0B0-46F3-9F6E-5DE2A3FAAC1A}
		{B74E89E9-C1A0-49A1-B25E-058FC9835CD9} = {8C5132E8-D0B0-46F3-9F6E-5DE2A3FAAC1A}
		{2C62E78D-39DA-40AD-AC12-E75033206F0B} = {8C5132E8-D0B0-46F3-9F6E-5DE2A3FAAC1A}
	EndGlobalSection
EndGlobal
