
Microsoft Visual Studio Solution File, Format Version 12.00
# Visual Studio 15
VisualStudioVersion = 15.0.26228.9
MinimumVisualStudioVersion = 10.0.40219.1
Project("{2150E333-8FDC-42A3-9474-1A3956D46DE8}") = "src", "src", "{8C5132E8-D0B0-46F3-9F6E-5DE2A3FAAC1A}"
EndProject
Project("{2150E333-8FDC-42A3-9474-1A3956D46DE8}") = "Solution Items", "Solution Items", "{F2B62DCC-C72B-4AE6-845A-F8D6F5E657CA}"
	ProjectSection(SolutionItems) = preProject
		global.json = global.json
	EndProjectSection
EndProject
Project("{2150E333-8FDC-42A3-9474-1A3956D46DE8}") = "Application", "Application", "{517D20BD-8343-495F-9EBF-DD60E81CD8D7}"
EndProject
Project("{2150E333-8FDC-42A3-9474-1A3956D46DE8}") = "test", "test", "{292CC5DF-FAE8-447B-92B3-1E7FB88F895D}"
EndProject
Project("{2150E333-8FDC-42A3-9474-1A3956D46DE8}") = "Presentation", "Presentation", "{D546AA7F-E422-4284-A003-3EDA264F35F7}"
EndProject
Project("{2150E333-8FDC-42A3-9474-1A3956D46DE8}") = "DataAccess", "DataAccess", "{2E0FD7D5-A9DF-4153-8EEA-C221E8369371}"
EndProject
Project("{2150E333-8FDC-42A3-9474-1A3956D46DE8}") = "Domain", "Domain", "{31BE6ADE-3561-4A20-B344-A0D9B97EFA6B}"
EndProject
Project("{2150E333-8FDC-42A3-9474-1A3956D46DE8}") = "Core", "Core", "{A6AB52C4-74D1-43C6-B281-C0643B1B35A1}"
EndProject
Project("{9A19103F-16F7-4668-BE54-9A1E7A4F7556}") = "Angular2.Mvc.Service", "src\Angular2.Mvc.Service\Angular2.Mvc.Service.csproj", "{C8FC719E-412E-412B-ADCD-F8FE330E91AF}"
EndProject
Project("{9A19103F-16F7-4668-BE54-9A1E7A4F7556}") = "Angular2.Mvc.Core", "src\Angular2.Mvc.Core\Angular2.Mvc.Core.csproj", "{AD14655A-F880-4C36-982D-0BEF66114A05}"
EndProject
Project("{9A19103F-16F7-4668-BE54-9A1E7A4F7556}") = "Angular2.Mvc.DAL", "src\Angular2.Mvc.DAL\Angular2.Mvc.DAL.csproj", "{1A079923-A7AD-4FA2-901A-EE73F6F427D5}"
EndProject
Project("{9A19103F-16F7-4668-BE54-9A1E7A4F7556}") = "Angular2.Mvc.Webapi", "src\Angular2.Mvc.Webapi\Angular2.Mvc.Webapi.csproj", "{B43495D9-469F-403A-8242-45DD9BEF325E}"
EndProject
Project("{9A19103F-16F7-4668-BE54-9A1E7A4F7556}") = "Angular2.Mvc.Website", "src\Angular2.Mvc.Website\Angular2.Mvc.Website.csproj", "{411C8890-2859-47F2-B9A2-607103965017}"
EndProject
Project("{9A19103F-16F7-4668-BE54-9A1E7A4F7556}") = "Angular2.Mvc.MsTest", "test\Angular2.Mvc.MsTest\Angular2.Mvc.MsTest.csproj", "{15FC0FF6-656B-4E6C-A07E-A2B7B8A4E9A6}"
EndProject
Project("{9A19103F-16F7-4668-BE54-9A1E7A4F7556}") = "Angular2.Mvc.UnitTest", "test\Angular2.Mvc.UnitTest\Angular2.Mvc.UnitTest.csproj", "{DEB52188-D306-4AA9-9A97-929164558848}"
EndProject
Global
	GlobalSection(SolutionConfigurationPlatforms) = preSolution
		Debug|Any CPU = Debug|Any CPU
		Release|Any CPU = Release|Any CPU
	EndGlobalSection
	GlobalSection(ProjectConfigurationPlatforms) = postSolution
		{C8FC719E-412E-412B-ADCD-F8FE330E91AF}.Debug|Any CPU.ActiveCfg = Debug|Any CPU
		{C8FC719E-412E-412B-ADCD-F8FE330E91AF}.Debug|Any CPU.Build.0 = Debug|Any CPU
		{C8FC719E-412E-412B-ADCD-F8FE330E91AF}.Release|Any CPU.ActiveCfg = Release|Any CPU
		{C8FC719E-412E-412B-ADCD-F8FE330E91AF}.Release|Any CPU.Build.0 = Release|Any CPU
		{AD14655A-F880-4C36-982D-0BEF66114A05}.Debug|Any CPU.ActiveCfg = Debug|Any CPU
		{AD14655A-F880-4C36-982D-0BEF66114A05}.Debug|Any CPU.Build.0 = Debug|Any CPU
		{AD14655A-F880-4C36-982D-0BEF66114A05}.Release|Any CPU.ActiveCfg = Release|Any CPU
		{AD14655A-F880-4C36-982D-0BEF66114A05}.Release|Any CPU.Build.0 = Release|Any CPU
		{1A079923-A7AD-4FA2-901A-EE73F6F427D5}.Debug|Any CPU.ActiveCfg = Debug|Any CPU
		{1A079923-A7AD-4FA2-901A-EE73F6F427D5}.Debug|Any CPU.Build.0 = Debug|Any CPU
		{1A079923-A7AD-4FA2-901A-EE73F6F427D5}.Release|Any CPU.ActiveCfg = Release|Any CPU
		{1A079923-A7AD-4FA2-901A-EE73F6F427D5}.Release|Any CPU.Build.0 = Release|Any CPU
		{B43495D9-469F-403A-8242-45DD9BEF325E}.Debug|Any CPU.ActiveCfg = Debug|Any CPU
		{B43495D9-469F-403A-8242-45DD9BEF325E}.Debug|Any CPU.Build.0 = Debug|Any CPU
		{B43495D9-469F-403A-8242-45DD9BEF325E}.Release|Any CPU.ActiveCfg = Release|Any CPU
		{B43495D9-469F-403A-8242-45DD9BEF325E}.Release|Any CPU.Build.0 = Release|Any CPU
		{411C8890-2859-47F2-B9A2-607103965017}.Debug|Any CPU.ActiveCfg = Debug|Any CPU
		{411C8890-2859-47F2-B9A2-607103965017}.Debug|Any CPU.Build.0 = Debug|Any CPU
		{411C8890-2859-47F2-B9A2-607103965017}.Release|Any CPU.ActiveCfg = Release|Any CPU
		{411C8890-2859-47F2-B9A2-607103965017}.Release|Any CPU.Build.0 = Release|Any CPU
		{15FC0FF6-656B-4E6C-A07E-A2B7B8A4E9A6}.Debug|Any CPU.ActiveCfg = Debug|Any CPU
		{15FC0FF6-656B-4E6C-A07E-A2B7B8A4E9A6}.Debug|Any CPU.Build.0 = Debug|Any CPU
		{15FC0FF6-656B-4E6C-A07E-A2B7B8A4E9A6}.Release|Any CPU.ActiveCfg = Release|Any CPU
		{15FC0FF6-656B-4E6C-A07E-A2B7B8A4E9A6}.Release|Any CPU.Build.0 = Release|Any CPU
		{DEB52188-D306-4AA9-9A97-929164558848}.Debug|Any CPU.ActiveCfg = Debug|Any CPU
		{DEB52188-D306-4AA9-9A97-929164558848}.Debug|Any CPU.Build.0 = Debug|Any CPU
		{DEB52188-D306-4AA9-9A97-929164558848}.Release|Any CPU.ActiveCfg = Release|Any CPU
		{DEB52188-D306-4AA9-9A97-929164558848}.Release|Any CPU.Build.0 = Release|Any CPU
	EndGlobalSection
	GlobalSection(SolutionProperties) = preSolution
		HideSolutionNode = FALSE
	EndGlobalSection
	GlobalSection(NestedProjects) = preSolution
		{517D20BD-8343-495F-9EBF-DD60E81CD8D7} = {8C5132E8-D0B0-46F3-9F6E-5DE2A3FAAC1A}
		{D546AA7F-E422-4284-A003-3EDA264F35F7} = {8C5132E8-D0B0-46F3-9F6E-5DE2A3FAAC1A}
		{2E0FD7D5-A9DF-4153-8EEA-C221E8369371} = {8C5132E8-D0B0-46F3-9F6E-5DE2A3FAAC1A}
		{31BE6ADE-3561-4A20-B344-A0D9B97EFA6B} = {8C5132E8-D0B0-46F3-9F6E-5DE2A3FAAC1A}
		{A6AB52C4-74D1-43C6-B281-C0643B1B35A1} = {8C5132E8-D0B0-46F3-9F6E-5DE2A3FAAC1A}
		{C8FC719E-412E-412B-ADCD-F8FE330E91AF} = {517D20BD-8343-495F-9EBF-DD60E81CD8D7}
		{AD14655A-F880-4C36-982D-0BEF66114A05} = {A6AB52C4-74D1-43C6-B281-C0643B1B35A1}
		{1A079923-A7AD-4FA2-901A-EE73F6F427D5} = {2E0FD7D5-A9DF-4153-8EEA-C221E8369371}
		{B43495D9-469F-403A-8242-45DD9BEF325E} = {D546AA7F-E422-4284-A003-3EDA264F35F7}
		{411C8890-2859-47F2-B9A2-607103965017} = {D546AA7F-E422-4284-A003-3EDA264F35F7}
		{15FC0FF6-656B-4E6C-A07E-A2B7B8A4E9A6} = {292CC5DF-FAE8-447B-92B3-1E7FB88F895D}
		{DEB52188-D306-4AA9-9A97-929164558848} = {292CC5DF-FAE8-447B-92B3-1E7FB88F895D}
	EndGlobalSection
EndGlobal
